// !$*UTF8*$!
{
	archiveVersion = 1;
	classes = {
	};
	objectVersion = 46;
	objects = {

/* Begin PBXBuildFile section */
		7CABF23419E8F23D0031085C /* SlotBrain.swift in Sources */ = {isa = PBXBuildFile; fileRef = 7CABF23319E8F23D0031085C /* SlotBrain.swift */; };
		7CBCDCB119E1D7E300E97986 /* Slot.swift in Sources */ = {isa = PBXBuildFile; fileRef = 7CBCDCB019E1D7E300E97986 /* Slot.swift */; };
		7CBCDCB319E1DA2800E97986 /* Factory.swift in Sources */ = {isa = PBXBuildFile; fileRef = 7CBCDCB219E1DA2800E97986 /* Factory.swift */; };
		7CF0069519D9430100506280 /* AppDelegate.swift in Sources */ = {isa = PBXBuildFile; fileRef = 7CF0069419D9430100506280 /* AppDelegate.swift */; };
		7CF0069719D9430100506280 /* ViewController.swift in Sources */ = {isa = PBXBuildFile; fileRef = 7CF0069619D9430100506280 /* ViewController.swift */; };
		7CF0069A19D9430100506280 /* Main.storyboard in Resources */ = {isa = PBXBuildFile; fileRef = 7CF0069819D9430100506280 /* Main.storyboard */; };
		7CF0069C19D9430100506280 /* Images.xcassets in Resources */ = {isa = PBXBuildFile; fileRef = 7CF0069B19D9430100506280 /* Images.xcassets */; };
		7CF0069F19D9430100506280 /* LaunchScreen.xib in Resources */ = {isa = PBXBuildFile; fileRef = 7CF0069D19D9430100506280 /* LaunchScreen.xib */; };
		7CF006AB19D9430100506280 /* SlotMachineTests.swift in Sources */ = {isa = PBXBuildFile; fileRef = 7CF006AA19D9430100506280 /* SlotMachineTests.swift */; };
/* End PBXBuildFile section */

/* Begin PBXContainerItemProxy section */
		7CF006A519D9430100506280 /* PBXContainerItemProxy */ = {
			isa = PBXContainerItemProxy;
			containerPortal = 7CF0068719D9430100506280 /* Project object */;
			proxyType = 1;
			remoteGlobalIDString = 7CF0068E19D9430100506280;
			remoteInfo = SlotMachine;
		};
/* End PBXContainerItemProxy section */

/* Begin PBXFileReference section */
		7CABF23319E8F23D0031085C /* SlotBrain.swift */ = {isa = PBXFileReference; fileEncoding = 4; lastKnownFileType = sourcecode.swift; path = SlotBrain.swift; sourceTree = "<group>"; };
		7CBCDCB019E1D7E300E97986 /* Slot.swift */ = {isa = PBXFileReference; fileEncoding = 4; lastKnownFileType = sourcecode.swift; path = Slot.swift; sourceTree = "<group>"; };
		7CBCDCB219E1DA2800E97986 /* Factory.swift */ = {isa = PBXFileReference; fileEncoding = 4; lastKnownFileType = sourcecode.swift; path = Factory.swift; sourceTree = "<group>"; };
		7CF0068F19D9430100506280 /* SlotMachine.app */ = {isa = PBXFileReference; explicitFileType = wrapper.application; includeInIndex = 0; path = SlotMachine.app; sourceTree = BUILT_PRODUCTS_DIR; };
		7CF0069319D9430100506280 /* Info.plist */ = {isa = PBXFileReference; lastKnownFileType = text.plist.xml; path = Info.plist; sourceTree = "<group>"; };
		7CF0069419D9430100506280 /* AppDelegate.swift */ = {isa = PBXFileReference; lastKnownFileType = sourcecode.swift; path = AppDelegate.swift; sourceTree = "<group>"; };
		7CF0069619D9430100506280 /* ViewController.swift */ = {isa = PBXFileReference; lastKnownFileType = sourcecode.swift; path = ViewController.swift; sourceTree = "<group>"; };
		7CF0069919D9430100506280 /* Base */ = {isa = PBXFileReference; lastKnownFileType = file.storyboard; name = Base; path = Base.lproj/Main.storyboard; sourceTree = "<group>"; };
		7CF0069B19D9430100506280 /* Images.xcassets */ = {isa = PBXFileReference; lastKnownFileType = folder.assetcatalog; path = Images.xcassets; sourceTree = "<group>"; };
		7CF0069E19D9430100506280 /* Base */ = {isa = PBXFileReference; lastKnownFileType = file.xib; name = Base; path = Base.lproj/LaunchScreen.xib; sourceTree = "<group>"; };
		7CF006A419D9430100506280 /* SlotMachineTests.xctest */ = {isa = PBXFileReference; explicitFileType = wrapper.cfbundle; includeInIndex = 0; path = SlotMachineTests.xctest; sourceTree = BUILT_PRODUCTS_DIR; };
		7CF006A919D9430100506280 /* Info.plist */ = {isa = PBXFileReference; lastKnownFileType = text.plist.xml; path = Info.plist; sourceTree = "<group>"; };
		7CF006AA19D9430100506280 /* SlotMachineTests.swift */ = {isa = PBXFileReference; lastKnownFileType = sourcecode.swift; path = SlotMachineTests.swift; sourceTree = "<group>"; };
/* End PBXFileReference section */

/* Begin PBXFrameworksBuildPhase section */
		7CF0068C19D9430100506280 /* Frameworks */ = {
			isa = PBXFrameworksBuildPhase;
			buildActionMask = 2147483647;
			files = (
			);
			runOnlyForDeploymentPostprocessing = 0;
		};
		7CF006A119D9430100506280 /* Frameworks */ = {
			isa = PBXFrameworksBuildPhase;
			buildActionMask = 2147483647;
			files = (
			);
			runOnlyForDeploymentPostprocessing = 0;
		};
/* End PBXFrameworksBuildPhase section */

/* Begin PBXGroup section */
		7CF0068619D9430100506280 = {
			isa = PBXGroup;
			children = (
				7CF0069119D9430100506280 /* SlotMachine */,
				7CF006A719D9430100506280 /* SlotMachineTests */,
				7CF0069019D9430100506280 /* Products */,
			);
			sourceTree = "<group>";
		};
		7CF0069019D9430100506280 /* Products */ = {
			isa = PBXGroup;
			children = (
				7CF0068F19D9430100506280 /* SlotMachine.app */,
				7CF006A419D9430100506280 /* SlotMachineTests.xctest */,
			);
			name = Products;
			sourceTree = "<group>";
		};
		7CF0069119D9430100506280 /* SlotMachine */ = {
			isa = PBXGroup;
			children = (
				7CF0069419D9430100506280 /* AppDelegate.swift */,
				7CF0069619D9430100506280 /* ViewController.swift */,
				7CABF23319E8F23D0031085C /* SlotBrain.swift */,
				7CBCDCB019E1D7E300E97986 /* Slot.swift */,
				7CF0069819D9430100506280 /* Main.storyboard */,
				7CF0069B19D9430100506280 /* Images.xcassets */,
				7CBCDCB219E1DA2800E97986 /* Factory.swift */,
				7CF0069D19D9430100506280 /* LaunchScreen.xib */,
				7CF0069219D9430100506280 /* Supporting Files */,
			);
			path = SlotMachine;
			sourceTree = "<group>";
		};
		7CF0069219D9430100506280 /* Supporting Files */ = {
			isa = PBXGroup;
			children = (
				7CF0069319D9430100506280 /* Info.plist */,
			);
			name = "Supporting Files";
			sourceTree = "<group>";
		};
		7CF006A719D9430100506280 /* SlotMachineTests */ = {
			isa = PBXGroup;
			children = (
				7CF006AA19D9430100506280 /* SlotMachineTests.swift */,
				7CF006A819D9430100506280 /* Supporting Files */,
			);
			path = SlotMachineTests;
			sourceTree = "<group>";
		};
		7CF006A819D9430100506280 /* Supporting Files */ = {
			isa = PBXGroup;
			children = (
				7CF006A919D9430100506280 /* Info.plist */,
			);
			name = "Supporting Files";
			sourceTree = "<group>";
		};
/* End PBXGroup section */

/* Begin PBXNativeTarget section */
		7CF0068E19D9430100506280 /* SlotMachine */ = {
			isa = PBXNativeTarget;
			buildConfigurationList = 7CF006AE19D9430100506280 /* Build configuration list for PBXNativeTarget "SlotMachine" */;
			buildPhases = (
				7CF0068B19D9430100506280 /* Sources */,
				7CF0068C19D9430100506280 /* Frameworks */,
				7CF0068D19D9430100506280 /* Resources */,
			);
			buildRules = (
			);
			dependencies = (
			);
			name = SlotMachine;
			productName = SlotMachine;
			productReference = 7CF0068F19D9430100506280 /* SlotMachine.app */;
			productType = "com.apple.product-type.application";
		};
		7CF006A319D9430100506280 /* SlotMachineTests */ = {
			isa = PBXNativeTarget;
			buildConfigurationList = 7CF006B119D9430100506280 /* Build configuration list for PBXNativeTarget "SlotMachineTests" */;
			buildPhases = (
				7CF006A019D9430100506280 /* Sources */,
				7CF006A119D9430100506280 /* Frameworks */,
				7CF006A219D9430100506280 /* Resources */,
			);
			buildRules = (
			);
			dependencies = (
				7CF006A619D9430100506280 /* PBXTargetDependency */,
			);
			name = SlotMachineTests;
			productName = SlotMachineTests;
			productReference = 7CF006A419D9430100506280 /* SlotMachineTests.xctest */;
			productType = "com.apple.product-type.bundle.unit-test";
		};
/* End PBXNativeTarget section */

/* Begin PBXProject section */
		7CF0068719D9430100506280 /* Project object */ = {
			isa = PBXProject;
			attributes = {
				LastUpgradeCheck = 0600;
				ORGANIZATIONNAME = ASSeeger;
				TargetAttributes = {
					7CF0068E19D9430100506280 = {
						CreatedOnToolsVersion = 6.0.1;
						DevelopmentTeam = T4E7YEW565;
					};
					7CF006A319D9430100506280 = {
						CreatedOnToolsVersion = 6.0.1;
						DevelopmentTeam = T4E7YEW565;
						TestTargetID = 7CF0068E19D9430100506280;
					};
				};
			};
			buildConfigurationList = 7CF0068A19D9430100506280 /* Build configuration list for PBXProject "SlotMachine" */;
			compatibilityVersion = "Xcode 3.2";
			developmentRegion = English;
			hasScannedForEncodings = 0;
			knownRegions = (
				en,
				Base,
			);
			mainGroup = 7CF0068619D9430100506280;
			productRefGroup = 7CF0069019D9430100506280 /* Products */;
			projectDirPath = "";
			projectRoot = "";
			targets = (
				7CF0068E19D9430100506280 /* SlotMachine */,
				7CF006A319D9430100506280 /* SlotMachineTests */,
			);
		};
/* End PBXProject section */

/* Begin PBXResourcesBuildPhase section */
		7CF0068D19D9430100506280 /* Resources */ = {
			isa = PBXResourcesBuildPhase;
			buildActionMask = 2147483647;
			files = (
				7CF0069A19D9430100506280 /* Main.storyboard in Resources */,
				7CF0069F19D9430100506280 /* LaunchScreen.xib in Resources */,
				7CF0069C19D9430100506280 /* Images.xcassets in Resources */,
			);
			runOnlyForDeploymentPostprocessing = 0;
		};
		7CF006A219D9430100506280 /* Resources */ = {
			isa = PBXResourcesBuildPhase;
			buildActionMask = 2147483647;
			files = (
			);
			runOnlyForDeploymentPostprocessing = 0;
		};
/* End PBXResourcesBuildPhase section */

/* Begin PBXSourcesBuildPhase section */
		7CF0068B19D9430100506280 /* Sources */ = {
			isa = PBXSourcesBuildPhase;
			buildActionMask = 2147483647;
			files = (
				7CBCDCB319E1DA2800E97986 /* Factory.swift in Sources */,
				7CF0069719D9430100506280 /* ViewController.swift in Sources */,
				7CBCDCB119E1D7E300E97986 /* Slot.swift in Sources */,
				7CF0069519D9430100506280 /* AppDelegate.swift in Sources */,
				7CABF23419E8F23D0031085C /* SlotBrain.swift in Sources */,
			);
			runOnlyForDeploymentPostprocessing = 0;
		};
		7CF006A019D9430100506280 /* Sources */ = {
			isa = PBXSourcesBuildPhase;
			buildActionMask = 2147483647;
			files = (
				7CF006AB19D9430100506280 /* SlotMachineTests.swift in Sources */,
			);
			runOnlyForDeploymentPostprocessing = 0;
		};
/* End PBXSourcesBuildPhase section */

/* Begin PBXTargetDependency section */
		7CF006A619D9430100506280 /* PBXTargetDependency */ = {
			isa = PBXTargetDependency;
			target = 7CF0068E19D9430100506280 /* SlotMachine */;
			targetProxy = 7CF006A519D9430100506280 /* PBXContainerItemProxy */;
		};
/* End PBXTargetDependency section */

/* Begin PBXVariantGroup section */
		7CF0069819D9430100506280 /* Main.storyboard */ = {
			isa = PBXVariantGroup;
			children = (
				7CF0069919D9430100506280 /* Base */,
			);
			name = Main.storyboard;
			sourceTree = "<group>";
		};
		7CF0069D19D9430100506280 /* LaunchScreen.xib */ = {
			isa = PBXVariantGroup;
			children = (
				7CF0069E19D9430100506280 /* Base */,
			);
			name = LaunchScreen.xib;
			sourceTree = "<group>";
		};
/* End PBXVariantGroup section */

/* Begin XCBuildConfiguration section */
		7CF006AC19D9430100506280 /* Debug */ = {
			isa = XCBuildConfiguration;
			buildSettings = {
				ALWAYS_SEARCH_USER_PATHS = NO;
				CLANG_CXX_LANGUAGE_STANDARD = "gnu++0x";
				CLANG_CXX_LIBRARY = "libc++";
				CLANG_ENABLE_MODULES = YES;
				CLANG_ENABLE_OBJC_ARC = YES;
				CLANG_WARN_BOOL_CONVERSION = YES;
				CLANG_WARN_CONSTANT_CONVERSION = YES;
				CLANG_WARN_DIRECT_OBJC_ISA_USAGE = YES_ERROR;
				CLANG_WARN_EMPTY_BODY = YES;
				CLANG_WARN_ENUM_CONVERSION = YES;
				CLANG_WARN_INT_CONVERSION = YES;
				CLANG_WARN_OBJC_ROOT_CLASS = YES_ERROR;
				CLANG_WARN_UNREACHABLE_CODE = YES;
				CLANG_WARN__DUPLICATE_METHOD_MATCH = YES;
				"CODE_SIGN_IDENTITY[sdk=iphoneos*]" = "iPhone Developer";
				COPY_PHASE_STRIP = NO;
				ENABLE_STRICT_OBJC_MSGSEND = YES;
				GCC_C_LANGUAGE_STANDARD = gnu99;
				GCC_DYNAMIC_NO_PIC = NO;
				GCC_OPTIMIZATION_LEVEL = 0;
				GCC_PREPROCESSOR_DEFINITIONS = (
					"DEBUG=1",
					"$(inherited)",
				);
				GCC_SYMBOLS_PRIVATE_EXTERN = NO;
				GCC_WARN_64_TO_32_BIT_CONVERSION = YES;
				GCC_WARN_ABOUT_RETURN_TYPE = YES_ERROR;
				GCC_WARN_UNDECLARED_SELECTOR = YES;
				GCC_WARN_UNINITIALIZED_AUTOS = YES_AGGRESSIVE;
				GCC_WARN_UNUSED_FUNCTION = YES;
				GCC_WARN_UNUSED_VARIABLE = YES;
				IPHONEOS_DEPLOYMENT_TARGET = 8.0;
				MTL_ENABLE_DEBUG_INFO = YES;
				ONLY_ACTIVE_ARCH = YES;
				SDKROOT = iphoneos;
				SWIFT_OPTIMIZATION_LEVEL = "-Onone";
				TARGETED_DEVICE_FAMILY = "1,2";
			};
			name = Debug;
		};
		7CF006AD19D9430100506280 /* Release */ = {
			isa = XCBuildConfiguration;
			buildSettings = {
				ALWAYS_SEARCH_USER_PATHS = NO;
				CLANG_CXX_LANGUAGE_STANDARD = "gnu++0x";
				CLANG_CXX_LIBRARY = "libc++";
				CLANG_ENABLE_MODULES = YES;
				CLANG_ENABLE_OBJC_ARC = YES;
				CLANG_WARN_BOOL_CONVERSION = YES;
				CLANG_WARN_CONSTANT_CONVERSION = YES;
				CLANG_WARN_DIRECT_OBJC_ISA_USAGE = YES_ERROR;
				CLANG_WARN_EMPTY_BODY = YES;
				CLANG_WARN_ENUM_CONVERSION = YES;
				CLANG_WARN_INT_CONVERSION = YES;
				CLANG_WARN_OBJC_ROOT_CLASS = YES_ERROR;
				CLANG_WARN_UNREACHABLE_CODE = YES;
				CLANG_WARN__DUPLICATE_METHOD_MATCH = YES;
				"CODE_SIGN_IDENTITY[sdk=iphoneos*]" = "iPhone Developer";
				COPY_PHASE_STRIP = YES;
				ENABLE_NS_ASSERTIONS = NO;
				ENABLE_STRICT_OBJC_MSGSEND = YES;
				GCC_C_LANGUAGE_STANDARD = gnu99;
				GCC_WARN_64_TO_32_BIT_CONVERSION = YES;
				GCC_WARN_ABOUT_RETURN_TYPE = YES_ERROR;
				GCC_WARN_UNDECLARED_SELECTOR = YES;
				GCC_WARN_UNINITIALIZED_AUTOS = YES_AGGRESSIVE;
				GCC_WARN_UNUSED_FUNCTION = YES;
				GCC_WARN_UNUSED_VARIABLE = YES;
				IPHONEOS_DEPLOYMENT_TARGET = 8.0;
				MTL_ENABLE_DEBUG_INFO = NO;
				SDKROOT = iphoneos;
				TARGETED_DEVICE_FAMILY = "1,2";
				VALIDATE_PRODUCT = YES;
			};
			name = Release;
		};
		7CF006AF19D9430100506280 /* Debug */ = {
			isa = XCBuildConfiguration;
			buildSettings = {
				ASSETCATALOG_COMPILER_APPICON_NAME = AppIcon;
				INFOPLIST_FILE = SlotMachine/Info.plist;
				LD_RUNPATH_SEARCH_PATHS = "$(inherited) @executable_path/Frameworks";
				PRODUCT_NAME = "$(TARGET_NAME)";
			};
			name = Debug;
		};
		7CF006B019D9430100506280 /* Release */ = {
			isa = XCBuildConfiguration;
			buildSettings = {
				ASSETCATALOG_COMPILER_APPICON_NAME = AppIcon;
				INFOPLIST_FILE = SlotMachine/Info.plist;
				LD_RUNPATH_SEARCH_PATHS = "$(inherited) @executable_path/Frameworks";
				PRODUCT_NAME = "$(TARGET_NAME)";
			};
			name = Release;
		};
		7CF006B219D9430100506280 /* Debug */ = {
			isa = XCBuildConfiguration;
			buildSettings = {
				BUNDLE_LOADER = "$(TEST_HOST)";
				CODE_SIGN_IDENTITY = "iPhone Developer";
				"CODE_SIGN_IDENTITY[sdk=iphoneos*]" = "iPhone Developer";
				FRAMEWORK_SEARCH_PATHS = (
					"$(SDKROOT)/Developer/Library/Frameworks",
					"$(inherited)",
				);
				GCC_PREPROCESSOR_DEFINITIONS = (
					"DEBUG=1",
					"$(inherited)",
				);
				INFOPLIST_FILE = SlotMachineTests/Info.plist;
				LD_RUNPATH_SEARCH_PATHS = "$(inherited) @executable_path/Frameworks @loader_path/Frameworks";
				PRODUCT_NAME = "$(TARGET_NAME)";
				PROVISIONING_PROFILE = "";
				TEST_HOST = "$(BUILT_PRODUCTS_DIR)/SlotMachine.app/SlotMachine";
			};
			name = Debug;
		};
		7CF006B319D9430100506280 /* Release */ = {
			isa = XCBuildConfiguration;
			buildSettings = {
				BUNDLE_LOADER = "$(TEST_HOST)";
				CODE_SIGN_IDENTITY = "iPhone Developer";
				"CODE_SIGN_IDENTITY[sdk=iphoneos*]" = "iPhone Developer";
				FRAMEWORK_SEARCH_PATHS = (
					"$(SDKROOT)/Developer/Library/Frameworks",
					"$(inherited)",
				);
				INFOPLIST_FILE = SlotMachineTests/Info.plist;
				LD_RUNPATH_SEARCH_PATHS = "$(inherited) @executable_path/Frameworks @loader_path/Frameworks";
				PRODUCT_NAME = "$(TARGET_NAME)";
				PROVISIONING_PROFILE = "";
				TEST_HOST = "$(BUILT_PRODUCTS_DIR)/SlotMachine.app/SlotMachine";
			};
			name = Release;
		};
/* End XCBuildConfiguration section */

/* Begin XCConfigurationList section */
		7CF0068A19D9430100506280 /* Build configuration list for PBXProject "SlotMachine" */ = {
			isa = XCConfigurationList;
			buildConfigurations = (
				7CF006AC19D9430100506280 /* Debug */,
				7CF006AD19D9430100506280 /* Release */,
			);
			defaultConfigurationIsVisible = 0;
			defaultConfigurationName = Release;
		};
		7CF006AE19D9430100506280 /* Build configuration list for PBXNativeTarget "SlotMachine" */ = {
			isa = XCConfigurationList;
			buildConfigurations = (
				7CF006AF19D9430100506280 /* Debug */,
				7CF006B019D9430100506280 /* Release */,
			);
			defaultConfigurationIsVisible = 0;
			defaultConfigurationName = Release;
		};
		7CF006B119D9430100506280 /* Build configuration list for PBXNativeTarget "SlotMachineTests" */ = {
			isa = XCConfigurationList;
			buildConfigurations = (
				7CF006B219D9430100506280 /* Debug */,
				7CF006B319D9430100506280 /* Release */,
			);
			defaultConfigurationIsVisible = 0;
			defaultConfigurationName = Release;
		};
/* End XCConfigurationList section */
	};
	rootObject = 7CF0068719D9430100506280 /* Project object */;
}
